
Microsoft Visual Studio Solution File, Format Version 12.00
# Visual Studio 2013
VisualStudioVersion = 12.0.40629.0
MinimumVisualStudioVersion = 10.0.40219.1
Project("{FAE04EC0-301F-11D3-BF4B-00C04F79EFBC}") = "GreatRandom", "GreatRandom\GreatRandom.csproj", "{DD0AC957-593E-42A1-9B8F-D5AA0E2CBF64}"
EndProject
Project("{FAE04EC0-301F-11D3-BF4B-00C04F79EFBC}") = "UnitTestProject1", "UnitTestProject1\UnitTestProject1.csproj", "{A4D5AFEB-227E-4497-A160-EEDD401C3201}"
EndProject
Project("{FAE04EC0-301F-11D3-BF4B-00C04F79EFBC}") = "WpfApplication1", "..\..\WpfApplication2\WpfApplication1\WpfApplication1.csproj", "{68D178E4-F76A-44E5-A49E-D8A56D0D013C}"
EndProject
Project("{FAE04EC0-301F-11D3-BF4B-00C04F79EFBC}") = "objects", "bjects\objects.csproj", "{55C1D2EE-9885-4FF8-AED2-99A0CDBCA6CC}"
EndProject
Global
	GlobalSection(SolutionConfigurationPlatforms) = preSolution
		Debug|Any CPU = Debug|Any CPU
		Release|Any CPU = Release|Any CPU
	EndGlobalSection
	GlobalSection(ProjectConfigurationPlatforms) = postSolution
		{DD0AC957-593E-42A1-9B8F-D5AA0E2CBF64}.Debug|Any CPU.ActiveCfg = Debug|Any CPU
		{DD0AC957-593E-42A1-9B8F-D5AA0E2CBF64}.Debug|Any CPU.Build.0 = Debug|Any CPU
		{DD0AC957-593E-42A1-9B8F-D5AA0E2CBF64}.Release|Any CPU.ActiveCfg = Release|Any CPU
		{DD0AC957-593E-42A1-9B8F-D5AA0E2CBF64}.Release|Any CPU.Build.0 = Release|Any CPU
		{A4D5AFEB-227E-4497-A160-EEDD401C3201}.Debug|Any CPU.ActiveCfg = Debug|Any CPU
		{A4D5AFEB-227E-4497-A160-EEDD401C3201}.Debug|Any CPU.Build.0 = Debug|Any CPU
		{A4D5AFEB-227E-4497-A160-EEDD401C3201}.Release|Any CPU.ActiveCfg = Release|Any CPU
		{A4D5AFEB-227E-4497-A160-EEDD401C3201}.Release|Any CPU.Build.0 = Release|Any CPU
		{68D178E4-F76A-44E5-A49E-D8A56D0D013C}.Debug|Any CPU.ActiveCfg = Debug|Any CPU
		{68D178E4-F76A-44E5-A49E-D8A56D0D013C}.Debug|Any CPU.Build.0 = Debug|Any CPU
		{68D178E4-F76A-44E5-A49E-D8A56D0D013C}.Release|Any CPU.ActiveCfg = Release|Any CPU
		{68D178E4-F76A-44E5-A49E-D8A56D0D013C}.Release|Any CPU.Build.0 = Release|Any CPU
		{55C1D2EE-9885-4FF8-AED2-99A0CDBCA6CC}.Debug|Any CPU.ActiveCfg = Debug|Any CPU
		{55C1D2EE-9885-4FF8-AED2-99A0CDBCA6CC}.Debug|Any CPU.Build.0 = Debug|Any CPU
		{55C1D2EE-9885-4FF8-AED2-99A0CDBCA6CC}.Release|Any CPU.ActiveCfg = Release|Any CPU
		{55C1D2EE-9885-4FF8-AED2-99A0CDBCA6CC}.Release|Any CPU.Build.0 = Release|Any CPU
	EndGlobalSection
	GlobalSection(SolutionProperties) = preSolution
		HideSolutionNode = FALSE
	EndGlobalSection
EndGlobal
